// !$*UTF8*$!
{
	archiveVersion = 1;
	classes = {
	};
	objectVersion = 46;
	objects = {

/* Begin PBXBuildFile section */
		5816C7C61AAE4A2A008E5F25 /* AudioToolbox.framework in Frameworks */ = {isa = PBXBuildFile; fileRef = 5816C7C51AAE4A2A008E5F25 /* AudioToolbox.framework */; };
		5816C7C81AAE4A30008E5F25 /* CFNetwork.framework in Frameworks */ = {isa = PBXBuildFile; fileRef = 5816C7C71AAE4A30008E5F25 /* CFNetwork.framework */; };
		5816C7CA1AAE4A39008E5F25 /* CoreGraphics.framework in Frameworks */ = {isa = PBXBuildFile; fileRef = 5816C7C91AAE4A39008E5F25 /* CoreGraphics.framework */; };
		5816C7CC1AAE4A3F008E5F25 /* CoreLocation.framework in Frameworks */ = {isa = PBXBuildFile; fileRef = 5816C7CB1AAE4A3F008E5F25 /* CoreLocation.framework */; };
		5816C7CE1AAE4A46008E5F25 /* MobileCoreServices.framework in Frameworks */ = {isa = PBXBuildFile; fileRef = 5816C7CD1AAE4A46008E5F25 /* MobileCoreServices.framework */; };
		5816C7D01AAE4A4D008E5F25 /* QuartzCore.framework in Frameworks */ = {isa = PBXBuildFile; fileRef = 5816C7CF1AAE4A4D008E5F25 /* QuartzCore.framework */; };
		5816C7D21AAE4A53008E5F25 /* Security.framework in Frameworks */ = {isa = PBXBuildFile; fileRef = 5816C7D11AAE4A53008E5F25 /* Security.framework */; };
		5816C7D41AAE4A5A008E5F25 /* StoreKit.framework in Frameworks */ = {isa = PBXBuildFile; fileRef = 5816C7D31AAE4A5A008E5F25 /* StoreKit.framework */; };
		5816C7D61AAE4A61008E5F25 /* SystemConfiguration.framework in Frameworks */ = {isa = PBXBuildFile; fileRef = 5816C7D51AAE4A61008E5F25 /* SystemConfiguration.framework */; };
		5816C7D81AAE4A68008E5F25 /* libz.dylib in Frameworks */ = {isa = PBXBuildFile; fileRef = 5816C7D71AAE4A68008E5F25 /* libz.dylib */; };
		5816C7DA1AAE4A70008E5F25 /* libsqlite3.dylib in Frameworks */ = {isa = PBXBuildFile; fileRef = 5816C7D91AAE4A6F008E5F25 /* libsqlite3.dylib */; };
		5816C7E01AAE4A9A008E5F25 /* Bolts.framework in Frameworks */ = {isa = PBXBuildFile; fileRef = 5816C7DB1AAE4A9A008E5F25 /* Bolts.framework */; };
		5816C7E11AAE4A9A008E5F25 /* Parse.framework in Frameworks */ = {isa = PBXBuildFile; fileRef = 5816C7DC1AAE4A9A008E5F25 /* Parse.framework */; };
		5816C7E21AAE4A9A008E5F25 /* ParseCrashReporting.framework in Frameworks */ = {isa = PBXBuildFile; fileRef = 5816C7DD1AAE4A9A008E5F25 /* ParseCrashReporting.framework */; };
		5816C7E31AAE4A9A008E5F25 /* ParseFacebookUtils.framework in Frameworks */ = {isa = PBXBuildFile; fileRef = 5816C7DE1AAE4A9A008E5F25 /* ParseFacebookUtils.framework */; };
		5816C7E41AAE4A9A008E5F25 /* ParseUI.framework in Frameworks */ = {isa = PBXBuildFile; fileRef = 5816C7DF1AAE4A9A008E5F25 /* ParseUI.framework */; };
		58B59C8F1A94F58F00447F1D /* Model.xcdatamodeld in Sources */ = {isa = PBXBuildFile; fileRef = 58B59C8D1A94F58F00447F1D /* Model.xcdatamodeld */; };
		58B59C911A94F72E00447F1D /* HighScore.swift in Sources */ = {isa = PBXBuildFile; fileRef = 58B59C901A94F72E00447F1D /* HighScore.swift */; };
		58FE17A41A700C5700F4ECCF /* AppDelegate.swift in Sources */ = {isa = PBXBuildFile; fileRef = 58FE17A31A700C5700F4ECCF /* AppDelegate.swift */; };
		58FE17A61A700C5700F4ECCF /* GameScene.sks in Resources */ = {isa = PBXBuildFile; fileRef = 58FE17A51A700C5700F4ECCF /* GameScene.sks */; };
		58FE17A81A700C5700F4ECCF /* GameScene.swift in Sources */ = {isa = PBXBuildFile; fileRef = 58FE17A71A700C5700F4ECCF /* GameScene.swift */; };
		58FE17AA1A700C5700F4ECCF /* GameViewController.swift in Sources */ = {isa = PBXBuildFile; fileRef = 58FE17A91A700C5700F4ECCF /* GameViewController.swift */; };
		58FE17AD1A700C5700F4ECCF /* Main.storyboard in Resources */ = {isa = PBXBuildFile; fileRef = 58FE17AB1A700C5700F4ECCF /* Main.storyboard */; };
		58FE17AF1A700C5700F4ECCF /* Images.xcassets in Resources */ = {isa = PBXBuildFile; fileRef = 58FE17AE1A700C5700F4ECCF /* Images.xcassets */; };
		58FE17B21A700C5700F4ECCF /* LaunchScreen.xib in Resources */ = {isa = PBXBuildFile; fileRef = 58FE17B01A700C5700F4ECCF /* LaunchScreen.xib */; };
		58FE17BE1A700C5700F4ECCF /* SwipeBallTests.swift in Sources */ = {isa = PBXBuildFile; fileRef = 58FE17BD1A700C5700F4ECCF /* SwipeBallTests.swift */; };
/* End PBXBuildFile section */

/* Begin PBXContainerItemProxy section */
		58FE17B81A700C5700F4ECCF /* PBXContainerItemProxy */ = {
			isa = PBXContainerItemProxy;
			containerPortal = 58FE17961A700C5700F4ECCF /* Project object */;
			proxyType = 1;
			remoteGlobalIDString = 58FE179D1A700C5700F4ECCF;
			remoteInfo = SwipeBall;
		};
/* End PBXContainerItemProxy section */

/* Begin PBXFileReference section */
		5816C7C51AAE4A2A008E5F25 /* AudioToolbox.framework */ = {isa = PBXFileReference; lastKnownFileType = wrapper.framework; name = AudioToolbox.framework; path = System/Library/Frameworks/AudioToolbox.framework; sourceTree = SDKROOT; };
		5816C7C71AAE4A30008E5F25 /* CFNetwork.framework */ = {isa = PBXFileReference; lastKnownFileType = wrapper.framework; name = CFNetwork.framework; path = System/Library/Frameworks/CFNetwork.framework; sourceTree = SDKROOT; };
		5816C7C91AAE4A39008E5F25 /* CoreGraphics.framework */ = {isa = PBXFileReference; lastKnownFileType = wrapper.framework; name = CoreGraphics.framework; path = System/Library/Frameworks/CoreGraphics.framework; sourceTree = SDKROOT; };
		5816C7CB1AAE4A3F008E5F25 /* CoreLocation.framework */ = {isa = PBXFileReference; lastKnownFileType = wrapper.framework; name = CoreLocation.framework; path = System/Library/Frameworks/CoreLocation.framework; sourceTree = SDKROOT; };
		5816C7CD1AAE4A46008E5F25 /* MobileCoreServices.framework */ = {isa = PBXFileReference; lastKnownFileType = wrapper.framework; name = MobileCoreServices.framework; path = System/Library/Frameworks/MobileCoreServices.framework; sourceTree = SDKROOT; };
		5816C7CF1AAE4A4D008E5F25 /* QuartzCore.framework */ = {isa = PBXFileReference; lastKnownFileType = wrapper.framework; name = QuartzCore.framework; path = System/Library/Frameworks/QuartzCore.framework; sourceTree = SDKROOT; };
		5816C7D11AAE4A53008E5F25 /* Security.framework */ = {isa = PBXFileReference; lastKnownFileType = wrapper.framework; name = Security.framework; path = System/Library/Frameworks/Security.framework; sourceTree = SDKROOT; };
		5816C7D31AAE4A5A008E5F25 /* StoreKit.framework */ = {isa = PBXFileReference; lastKnownFileType = wrapper.framework; name = StoreKit.framework; path = System/Library/Frameworks/StoreKit.framework; sourceTree = SDKROOT; };
		5816C7D51AAE4A61008E5F25 /* SystemConfiguration.framework */ = {isa = PBXFileReference; lastKnownFileType = wrapper.framework; name = SystemConfiguration.framework; path = System/Library/Frameworks/SystemConfiguration.framework; sourceTree = SDKROOT; };
		5816C7D71AAE4A68008E5F25 /* libz.dylib */ = {isa = PBXFileReference; lastKnownFileType = "compiled.mach-o.dylib"; name = libz.dylib; path = usr/lib/libz.dylib; sourceTree = SDKROOT; };
		5816C7D91AAE4A6F008E5F25 /* libsqlite3.dylib */ = {isa = PBXFileReference; lastKnownFileType = "compiled.mach-o.dylib"; name = libsqlite3.dylib; path = usr/lib/libsqlite3.dylib; sourceTree = SDKROOT; };
		5816C7DB1AAE4A9A008E5F25 /* Bolts.framework */ = {isa = PBXFileReference; lastKnownFileType = wrapper.framework; path = Bolts.framework; sourceTree = "<group>"; };
		5816C7DC1AAE4A9A008E5F25 /* Parse.framework */ = {isa = PBXFileReference; lastKnownFileType = wrapper.framework; path = Parse.framework; sourceTree = "<group>"; };
		5816C7DD1AAE4A9A008E5F25 /* ParseCrashReporting.framework */ = {isa = PBXFileReference; lastKnownFileType = wrapper.framework; path = ParseCrashReporting.framework; sourceTree = "<group>"; };
		5816C7DE1AAE4A9A008E5F25 /* ParseFacebookUtils.framework */ = {isa = PBXFileReference; lastKnownFileType = wrapper.framework; path = ParseFacebookUtils.framework; sourceTree = "<group>"; };
		5816C7DF1AAE4A9A008E5F25 /* ParseUI.framework */ = {isa = PBXFileReference; lastKnownFileType = wrapper.framework; path = ParseUI.framework; sourceTree = "<group>"; };
		58B59C8E1A94F58F00447F1D /* Model.xcdatamodel */ = {isa = PBXFileReference; lastKnownFileType = wrapper.xcdatamodel; path = Model.xcdatamodel; sourceTree = "<group>"; };
		58B59C901A94F72E00447F1D /* HighScore.swift */ = {isa = PBXFileReference; fileEncoding = 4; lastKnownFileType = sourcecode.swift; path = HighScore.swift; sourceTree = "<group>"; };
		58FE179E1A700C5700F4ECCF /* SwiperBall.app */ = {isa = PBXFileReference; explicitFileType = wrapper.application; includeInIndex = 0; path = SwiperBall.app; sourceTree = BUILT_PRODUCTS_DIR; };
		58FE17A21A700C5700F4ECCF /* Info.plist */ = {isa = PBXFileReference; lastKnownFileType = text.plist.xml; path = Info.plist; sourceTree = "<group>"; };
		58FE17A31A700C5700F4ECCF /* AppDelegate.swift */ = {isa = PBXFileReference; lastKnownFileType = sourcecode.swift; path = AppDelegate.swift; sourceTree = "<group>"; };
		58FE17A51A700C5700F4ECCF /* GameScene.sks */ = {isa = PBXFileReference; lastKnownFileType = file.sks; path = GameScene.sks; sourceTree = "<group>"; };
		58FE17A71A700C5700F4ECCF /* GameScene.swift */ = {isa = PBXFileReference; lastKnownFileType = sourcecode.swift; path = GameScene.swift; sourceTree = "<group>"; };
		58FE17A91A700C5700F4ECCF /* GameViewController.swift */ = {isa = PBXFileReference; lastKnownFileType = sourcecode.swift; path = GameViewController.swift; sourceTree = "<group>"; };
		58FE17AC1A700C5700F4ECCF /* Base */ = {isa = PBXFileReference; lastKnownFileType = file.storyboard; name = Base; path = Base.lproj/Main.storyboard; sourceTree = "<group>"; };
		58FE17AE1A700C5700F4ECCF /* Images.xcassets */ = {isa = PBXFileReference; lastKnownFileType = folder.assetcatalog; path = Images.xcassets; sourceTree = "<group>"; };
		58FE17B11A700C5700F4ECCF /* Base */ = {isa = PBXFileReference; lastKnownFileType = file.xib; name = Base; path = Base.lproj/LaunchScreen.xib; sourceTree = "<group>"; };
		58FE17B71A700C5700F4ECCF /* SwiperBallTests.xctest */ = {isa = PBXFileReference; explicitFileType = wrapper.cfbundle; includeInIndex = 0; path = SwiperBallTests.xctest; sourceTree = BUILT_PRODUCTS_DIR; };
		58FE17BC1A700C5700F4ECCF /* Info.plist */ = {isa = PBXFileReference; lastKnownFileType = text.plist.xml; path = Info.plist; sourceTree = "<group>"; };
		58FE17BD1A700C5700F4ECCF /* SwipeBallTests.swift */ = {isa = PBXFileReference; lastKnownFileType = sourcecode.swift; path = SwipeBallTests.swift; sourceTree = "<group>"; };
/* End PBXFileReference section */

/* Begin PBXFrameworksBuildPhase section */
		58FE179B1A700C5700F4ECCF /* Frameworks */ = {
			isa = PBXFrameworksBuildPhase;
			buildActionMask = 2147483647;
			files = (
				5816C7DA1AAE4A70008E5F25 /* libsqlite3.dylib in Frameworks */,
				5816C7D81AAE4A68008E5F25 /* libz.dylib in Frameworks */,
				5816C7D61AAE4A61008E5F25 /* SystemConfiguration.framework in Frameworks */,
				5816C7E01AAE4A9A008E5F25 /* Bolts.framework in Frameworks */,
				5816C7D41AAE4A5A008E5F25 /* StoreKit.framework in Frameworks */,
				5816C7E21AAE4A9A008E5F25 /* ParseCrashReporting.framework in Frameworks */,
				5816C7E41AAE4A9A008E5F25 /* ParseUI.framework in Frameworks */,
				5816C7D21AAE4A53008E5F25 /* Security.framework in Frameworks */,
				5816C7E11AAE4A9A008E5F25 /* Parse.framework in Frameworks */,
				5816C7E31AAE4A9A008E5F25 /* ParseFacebookUtils.framework in Frameworks */,
				5816C7D01AAE4A4D008E5F25 /* QuartzCore.framework in Frameworks */,
				5816C7CE1AAE4A46008E5F25 /* MobileCoreServices.framework in Frameworks */,
				5816C7CC1AAE4A3F008E5F25 /* CoreLocation.framework in Frameworks */,
				5816C7CA1AAE4A39008E5F25 /* CoreGraphics.framework in Frameworks */,
				5816C7C81AAE4A30008E5F25 /* CFNetwork.framework in Frameworks */,
				5816C7C61AAE4A2A008E5F25 /* AudioToolbox.framework in Frameworks */,
			);
			runOnlyForDeploymentPostprocessing = 0;
		};
		58FE17B41A700C5700F4ECCF /* Frameworks */ = {
			isa = PBXFrameworksBuildPhase;
			buildActionMask = 2147483647;
			files = (
			);
			runOnlyForDeploymentPostprocessing = 0;
		};
/* End PBXFrameworksBuildPhase section */

/* Begin PBXGroup section */
		5816C7E51AAE4AA7008E5F25 /* Frameworks */ = {
			isa = PBXGroup;
			children = (
				5816C7D91AAE4A6F008E5F25 /* libsqlite3.dylib */,
				5816C7DB1AAE4A9A008E5F25 /* Bolts.framework */,
				5816C7DC1AAE4A9A008E5F25 /* Parse.framework */,
				5816C7DD1AAE4A9A008E5F25 /* ParseCrashReporting.framework */,
				5816C7DE1AAE4A9A008E5F25 /* ParseFacebookUtils.framework */,
				5816C7DF1AAE4A9A008E5F25 /* ParseUI.framework */,
				5816C7D71AAE4A68008E5F25 /* libz.dylib */,
				5816C7D51AAE4A61008E5F25 /* SystemConfiguration.framework */,
				5816C7D31AAE4A5A008E5F25 /* StoreKit.framework */,
				5816C7D11AAE4A53008E5F25 /* Security.framework */,
				5816C7CF1AAE4A4D008E5F25 /* QuartzCore.framework */,
				5816C7CD1AAE4A46008E5F25 /* MobileCoreServices.framework */,
				5816C7CB1AAE4A3F008E5F25 /* CoreLocation.framework */,
				5816C7C91AAE4A39008E5F25 /* CoreGraphics.framework */,
				5816C7C71AAE4A30008E5F25 /* CFNetwork.framework */,
				5816C7C51AAE4A2A008E5F25 /* AudioToolbox.framework */,
			);
			name = Frameworks;
			sourceTree = "<group>";
		};
		58FE17951A700C5700F4ECCF = {
			isa = PBXGroup;
			children = (
				5816C7E51AAE4AA7008E5F25 /* Frameworks */,
				58FE17A01A700C5700F4ECCF /* SwipeBall */,
				58FE17BA1A700C5700F4ECCF /* SwipeBallTests */,
				58FE179F1A700C5700F4ECCF /* Products */,
			);
			sourceTree = "<group>";
		};
		58FE179F1A700C5700F4ECCF /* Products */ = {
			isa = PBXGroup;
			children = (
				58FE179E1A700C5700F4ECCF /* SwiperBall.app */,
				58FE17B71A700C5700F4ECCF /* SwiperBallTests.xctest */,
			);
			name = Products;
			sourceTree = "<group>";
		};
		58FE17A01A700C5700F4ECCF /* SwipeBall */ = {
			isa = PBXGroup;
			children = (
				58FE17A31A700C5700F4ECCF /* AppDelegate.swift */,
				58FE17A51A700C5700F4ECCF /* GameScene.sks */,
				58FE17A71A700C5700F4ECCF /* GameScene.swift */,
				58FE17A91A700C5700F4ECCF /* GameViewController.swift */,
				58FE17AB1A700C5700F4ECCF /* Main.storyboard */,
				58FE17AE1A700C5700F4ECCF /* Images.xcassets */,
				58FE17B01A700C5700F4ECCF /* LaunchScreen.xib */,
				58B59C8D1A94F58F00447F1D /* Model.xcdatamodeld */,
				58B59C901A94F72E00447F1D /* HighScore.swift */,
				58FE17A11A700C5700F4ECCF /* Supporting Files */,
			);
			path = SwipeBall;
			sourceTree = "<group>";
		};
		58FE17A11A700C5700F4ECCF /* Supporting Files */ = {
			isa = PBXGroup;
			children = (
				58FE17A21A700C5700F4ECCF /* Info.plist */,
			);
			name = "Supporting Files";
			sourceTree = "<group>";
		};
		58FE17BA1A700C5700F4ECCF /* SwipeBallTests */ = {
			isa = PBXGroup;
			children = (
				58FE17BD1A700C5700F4ECCF /* SwipeBallTests.swift */,
				58FE17BB1A700C5700F4ECCF /* Supporting Files */,
			);
			path = SwipeBallTests;
			sourceTree = "<group>";
		};
		58FE17BB1A700C5700F4ECCF /* Supporting Files */ = {
			isa = PBXGroup;
			children = (
				58FE17BC1A700C5700F4ECCF /* Info.plist */,
			);
			name = "Supporting Files";
			sourceTree = "<group>";
		};
/* End PBXGroup section */

/* Begin PBXNativeTarget section */
		58FE179D1A700C5700F4ECCF /* SwiperBall */ = {
			isa = PBXNativeTarget;
			buildConfigurationList = 58FE17C11A700C5700F4ECCF /* Build configuration list for PBXNativeTarget "SwiperBall" */;
			buildPhases = (
				58FE179A1A700C5700F4ECCF /* Sources */,
				58FE179B1A700C5700F4ECCF /* Frameworks */,
				58FE179C1A700C5700F4ECCF /* Resources */,
			);
			buildRules = (
			);
			dependencies = (
			);
			name = SwiperBall;
			productName = SwipeBall;
			productReference = 58FE179E1A700C5700F4ECCF /* SwiperBall.app */;
			productType = "com.apple.product-type.application";
		};
		58FE17B61A700C5700F4ECCF /* SwiperBallTests */ = {
			isa = PBXNativeTarget;
			buildConfigurationList = 58FE17C41A700C5700F4ECCF /* Build configuration list for PBXNativeTarget "SwiperBallTests" */;
			buildPhases = (
				58FE17B31A700C5700F4ECCF /* Sources */,
				58FE17B41A700C5700F4ECCF /* Frameworks */,
				58FE17B51A700C5700F4ECCF /* Resources */,
			);
			buildRules = (
			);
			dependencies = (
				58FE17B91A700C5700F4ECCF /* PBXTargetDependency */,
			);
			name = SwiperBallTests;
			productName = SwipeBallTests;
			productReference = 58FE17B71A700C5700F4ECCF /* SwiperBallTests.xctest */;
			productType = "com.apple.product-type.bundle.unit-test";
		};
/* End PBXNativeTarget section */

/* Begin PBXProject section */
		58FE17961A700C5700F4ECCF /* Project object */ = {
			isa = PBXProject;
			attributes = {
				LastUpgradeCheck = 0610;
				ORGANIZATIONNAME = "Teddy Dubno";
				TargetAttributes = {
					58FE179D1A700C5700F4ECCF = {
						CreatedOnToolsVersion = 6.1.1;
					};
					58FE17B61A700C5700F4ECCF = {
						CreatedOnToolsVersion = 6.1.1;
						TestTargetID = 58FE179D1A700C5700F4ECCF;
					};
				};
			};
			buildConfigurationList = 58FE17991A700C5700F4ECCF /* Build configuration list for PBXProject "SwiperBall" */;
			compatibilityVersion = "Xcode 3.2";
			developmentRegion = English;
			hasScannedForEncodings = 0;
			knownRegions = (
				en,
				Base,
			);
			mainGroup = 58FE17951A700C5700F4ECCF;
			productRefGroup = 58FE179F1A700C5700F4ECCF /* Products */;
			projectDirPath = "";
			projectRoot = "";
			targets = (
				58FE179D1A700C5700F4ECCF /* SwiperBall */,
				58FE17B61A700C5700F4ECCF /* SwiperBallTests */,
			);
		};
/* End PBXProject section */

/* Begin PBXResourcesBuildPhase section */
		58FE179C1A700C5700F4ECCF /* Resources */ = {
			isa = PBXResourcesBuildPhase;
			buildActionMask = 2147483647;
			files = (
				58FE17B21A700C5700F4ECCF /* LaunchScreen.xib in Resources */,
				58FE17AF1A700C5700F4ECCF /* Images.xcassets in Resources */,
				58FE17A61A700C5700F4ECCF /* GameScene.sks in Resources */,
				58FE17AD1A700C5700F4ECCF /* Main.storyboard in Resources */,
			);
			runOnlyForDeploymentPostprocessing = 0;
		};
		58FE17B51A700C5700F4ECCF /* Resources */ = {
			isa = PBXResourcesBuildPhase;
			buildActionMask = 2147483647;
			files = (
			);
			runOnlyForDeploymentPostprocessing = 0;
		};
/* End PBXResourcesBuildPhase section */

/* Begin PBXSourcesBuildPhase section */
		58FE179A1A700C5700F4ECCF /* Sources */ = {
			isa = PBXSourcesBuildPhase;
			buildActionMask = 2147483647;
			files = (
				58FE17A81A700C5700F4ECCF /* GameScene.swift in Sources */,
				58FE17AA1A700C5700F4ECCF /* GameViewController.swift in Sources */,
				58FE17A41A700C5700F4ECCF /* AppDelegate.swift in Sources */,
				58B59C8F1A94F58F00447F1D /* Model.xcdatamodeld in Sources */,
				58B59C911A94F72E00447F1D /* HighScore.swift in Sources */,
			);
			runOnlyForDeploymentPostprocessing = 0;
		};
		58FE17B31A700C5700F4ECCF /* Sources */ = {
			isa = PBXSourcesBuildPhase;
			buildActionMask = 2147483647;
			files = (
				58FE17BE1A700C5700F4ECCF /* SwipeBallTests.swift in Sources */,
			);
			runOnlyForDeploymentPostprocessing = 0;
		};
/* End PBXSourcesBuildPhase section */

/* Begin PBXTargetDependency section */
		58FE17B91A700C5700F4ECCF /* PBXTargetDependency */ = {
			isa = PBXTargetDependency;
			target = 58FE179D1A700C5700F4ECCF /* SwiperBall */;
			targetProxy = 58FE17B81A700C5700F4ECCF /* PBXContainerItemProxy */;
		};
/* End PBXTargetDependency section */

/* Begin PBXVariantGroup section */
		58FE17AB1A700C5700F4ECCF /* Main.storyboard */ = {
			isa = PBXVariantGroup;
			children = (
				58FE17AC1A700C5700F4ECCF /* Base */,
			);
			name = Main.storyboard;
			sourceTree = "<group>";
		};
		58FE17B01A700C5700F4ECCF /* LaunchScreen.xib */ = {
			isa = PBXVariantGroup;
			children = (
				58FE17B11A700C5700F4ECCF /* Base */,
			);
			name = LaunchScreen.xib;
			sourceTree = "<group>";
		};
/* End PBXVariantGroup section */

/* Begin XCBuildConfiguration section */
		58FE17BF1A700C5700F4ECCF /* Debug */ = {
			isa = XCBuildConfiguration;
			buildSettings = {
				ALWAYS_SEARCH_USER_PATHS = NO;
				CLANG_CXX_LANGUAGE_STANDARD = "gnu++0x";
				CLANG_CXX_LIBRARY = "libc++";
				CLANG_ENABLE_MODULES = YES;
				CLANG_ENABLE_OBJC_ARC = YES;
				CLANG_WARN_BOOL_CONVERSION = YES;
				CLANG_WARN_CONSTANT_CONVERSION = YES;
				CLANG_WARN_DIRECT_OBJC_ISA_USAGE = YES_ERROR;
				CLANG_WARN_EMPTY_BODY = YES;
				CLANG_WARN_ENUM_CONVERSION = YES;
				CLANG_WARN_INT_CONVERSION = YES;
				CLANG_WARN_OBJC_ROOT_CLASS = YES_ERROR;
				CLANG_WARN_UNREACHABLE_CODE = YES;
				CLANG_WARN__DUPLICATE_METHOD_MATCH = YES;
				"CODE_SIGN_IDENTITY[sdk=iphoneos*]" = "iPhone Developer";
				COPY_PHASE_STRIP = NO;
				ENABLE_STRICT_OBJC_MSGSEND = YES;
				GCC_C_LANGUAGE_STANDARD = gnu99;
				GCC_DYNAMIC_NO_PIC = NO;
				GCC_OPTIMIZATION_LEVEL = 0;
				GCC_PREPROCESSOR_DEFINITIONS = (
					"DEBUG=1",
					"$(inherited)",
				);
				GCC_SYMBOLS_PRIVATE_EXTERN = NO;
				GCC_WARN_64_TO_32_BIT_CONVERSION = YES;
				GCC_WARN_ABOUT_RETURN_TYPE = YES_ERROR;
				GCC_WARN_UNDECLARED_SELECTOR = YES;
				GCC_WARN_UNINITIALIZED_AUTOS = YES_AGGRESSIVE;
				GCC_WARN_UNUSED_FUNCTION = YES;
				GCC_WARN_UNUSED_VARIABLE = YES;
				IPHONEOS_DEPLOYMENT_TARGET = 8.1;
				MTL_ENABLE_DEBUG_INFO = YES;
				ONLY_ACTIVE_ARCH = YES;
				SDKROOT = iphoneos;
				SWIFT_OPTIMIZATION_LEVEL = "-Onone";
				TARGETED_DEVICE_FAMILY = "1,2";
			};
			name = Debug;
		};
		58FE17C01A700C5700F4ECCF /* Release */ = {
			isa = XCBuildConfiguration;
			buildSettings = {
				ALWAYS_SEARCH_USER_PATHS = NO;
				CLANG_CXX_LANGUAGE_STANDARD = "gnu++0x";
				CLANG_CXX_LIBRARY = "libc++";
				CLANG_ENABLE_MODULES = YES;
				CLANG_ENABLE_OBJC_ARC = YES;
				CLANG_WARN_BOOL_CONVERSION = YES;
				CLANG_WARN_CONSTANT_CONVERSION = YES;
				CLANG_WARN_DIRECT_OBJC_ISA_USAGE = YES_ERROR;
				CLANG_WARN_EMPTY_BODY = YES;
				CLANG_WARN_ENUM_CONVERSION = YES;
				CLANG_WARN_INT_CONVERSION = YES;
				CLANG_WARN_OBJC_ROOT_CLASS = YES_ERROR;
				CLANG_WARN_UNREACHABLE_CODE = YES;
				CLANG_WARN__DUPLICATE_METHOD_MATCH = YES;
				"CODE_SIGN_IDENTITY[sdk=iphoneos*]" = "iPhone Developer";
				COPY_PHASE_STRIP = YES;
				ENABLE_NS_ASSERTIONS = NO;
				ENABLE_STRICT_OBJC_MSGSEND = YES;
				GCC_C_LANGUAGE_STANDARD = gnu99;
				GCC_WARN_64_TO_32_BIT_CONVERSION = YES;
				GCC_WARN_ABOUT_RETURN_TYPE = YES_ERROR;
				GCC_WARN_UNDECLARED_SELECTOR = YES;
				GCC_WARN_UNINITIALIZED_AUTOS = YES_AGGRESSIVE;
				GCC_WARN_UNUSED_FUNCTION = YES;
				GCC_WARN_UNUSED_VARIABLE = YES;
				IPHONEOS_DEPLOYMENT_TARGET = 8.1;
				MTL_ENABLE_DEBUG_INFO = NO;
				SDKROOT = iphoneos;
				TARGETED_DEVICE_FAMILY = "1,2";
				VALIDATE_PRODUCT = YES;
			};
			name = Release;
		};
		58FE17C21A700C5700F4ECCF /* Debug */ = {
			isa = XCBuildConfiguration;
			buildSettings = {
				ASSETCATALOG_COMPILER_APPICON_NAME = AppIcon;
				FRAMEWORK_SEARCH_PATHS = (
					"$(inherited)",
					"$(PROJECT_DIR)",
				);
				INFOPLIST_FILE = SwipeBall/Info.plist;
				LD_RUNPATH_SEARCH_PATHS = "$(inherited) @executable_path/Frameworks";
				PRODUCT_NAME = SwiperBall;
			};
			name = Debug;
		};
		58FE17C31A700C5700F4ECCF /* Release */ = {
			isa = XCBuildConfiguration;
			buildSettings = {
				ASSETCATALOG_COMPILER_APPICON_NAME = AppIcon;
				FRAMEWORK_SEARCH_PATHS = (
					"$(inherited)",
					"$(PROJECT_DIR)",
				);
				INFOPLIST_FILE = SwipeBall/Info.plist;
				LD_RUNPATH_SEARCH_PATHS = "$(inherited) @executable_path/Frameworks";
				PRODUCT_NAME = SwiperBall;
			};
			name = Release;
		};
		58FE17C51A700C5700F4ECCF /* Debug */ = {
			isa = XCBuildConfiguration;
			buildSettings = {
				BUNDLE_LOADER = "$(TEST_HOST)";
				FRAMEWORK_SEARCH_PATHS = (
					"$(SDKROOT)/Developer/Library/Frameworks",
					"$(inherited)",
				);
				GCC_PREPROCESSOR_DEFINITIONS = (
					"DEBUG=1",
					"$(inherited)",
				);
				INFOPLIST_FILE = SwipeBallTests/Info.plist;
				LD_RUNPATH_SEARCH_PATHS = "$(inherited) @executable_path/Frameworks @loader_path/Frameworks";
				PRODUCT_NAME = SwiperBallTests;
				TEST_HOST = "$(BUILT_PRODUCTS_DIR)/SwipeBall.app/SwipeBall";
			};
			name = Debug;
		};
		58FE17C61A700C5700F4ECCF /* Release */ = {
			isa = XCBuildConfiguration;
			buildSettings = {
				BUNDLE_LOADER = "$(TEST_HOST)";
				FRAMEWORK_SEARCH_PATHS = (
					"$(SDKROOT)/Developer/Library/Frameworks",
					"$(inherited)",
				);
				INFOPLIST_FILE = SwipeBallTests/Info.plist;
				LD_RUNPATH_SEARCH_PATHS = "$(inherited) @executable_path/Frameworks @loader_path/Frameworks";
				PRODUCT_NAME = SwiperBallTests;
				TEST_HOST = "$(BUILT_PRODUCTS_DIR)/SwipeBall.app/SwipeBall";
			};
			name = Release;
		};
/* End XCBuildConfiguration section */

/* Begin XCConfigurationList section */
		58FE17991A700C5700F4ECCF /* Build configuration list for PBXProject "SwiperBall" */ = {
			isa = XCConfigurationList;
			buildConfigurations = (
				58FE17BF1A700C5700F4ECCF /* Debug */,
				58FE17C01A700C5700F4ECCF /* Release */,
			);
			defaultConfigurationIsVisible = 0;
			defaultConfigurationName = Release;
		};
		58FE17C11A700C5700F4ECCF /* Build configuration list for PBXNativeTarget "SwiperBall" */ = {
			isa = XCConfigurationList;
			buildConfigurations = (
				58FE17C21A700C5700F4ECCF /* Debug */,
				58FE17C31A700C5700F4ECCF /* Release */,
			);
			defaultConfigurationIsVisible = 0;
			defaultConfigurationName = Release;
		};
		58FE17C41A700C5700F4ECCF /* Build configuration list for PBXNativeTarget "SwiperBallTests" */ = {
			isa = XCConfigurationList;
			buildConfigurations = (
				58FE17C51A700C5700F4ECCF /* Debug */,
				58FE17C61A700C5700F4ECCF /* Release */,
			);
			defaultConfigurationIsVisible = 0;
			defaultConfigurationName = Release;
		};
/* End XCConfigurationList section */

/* Begin XCVersionGroup section */
		58B59C8D1A94F58F00447F1D /* Model.xcdatamodeld */ = {
			isa = XCVersionGroup;
			children = (
				58B59C8E1A94F58F00447F1D /* Model.xcdatamodel */,
			);
			currentVersion = 58B59C8E1A94F58F00447F1D /* Model.xcdatamodel */;
			path = Model.xcdatamodeld;
			sourceTree = "<group>";
			versionGroupType = wrapper.xcdatamodel;
		};
/* End XCVersionGroup section */
	};
	rootObject = 58FE17961A700C5700F4ECCF /* Project object */;
}
